// !$*UTF8*$!
{
	archiveVersion = 1;
	classes = {
	};
	objectVersion = 77;
	objects = {

/* Begin PBXContainerItemProxy section */
		F86948582D827AFB0009F75B /* PBXContainerItemProxy */ = {
			isa = PBXContainerItemProxy;
			containerPortal = F869483F2D827AFA0009F75B /* Project object */;
			proxyType = 1;
			remoteGlobalIDString = F86948462D827AFA0009F75B;
			remoteInfo = TodoList_app;
		};
		F86948622D827AFB0009F75B /* PBXContainerItemProxy */ = {
			isa = PBXContainerItemProxy;
			containerPortal = F869483F2D827AFA0009F75B /* Project object */;
			proxyType = 1;
			remoteGlobalIDString = F86948462D827AFA0009F75B;
			remoteInfo = TodoList_app;
		};
/* End PBXContainerItemProxy section */

/* Begin PBXFileReference section */
		F86948472D827AFA0009F75B /* 待办事项.app */ = {isa = PBXFileReference; explicitFileType = wrapper.application; includeInIndex = 0; path = "待办事项.app"; sourceTree = BUILT_PRODUCTS_DIR; };
		F86948572D827AFB0009F75B /* TodoList_appTests.xctest */ = {isa = PBXFileReference; explicitFileType = wrapper.cfbundle; includeInIndex = 0; path = TodoList_appTests.xctest; sourceTree = BUILT_PRODUCTS_DIR; };
		F86948612D827AFB0009F75B /* TodoList_appUITests.xctest */ = {isa = PBXFileReference; explicitFileType = wrapper.cfbundle; includeInIndex = 0; path = TodoList_appUITests.xctest; sourceTree = BUILT_PRODUCTS_DIR; };
/* End PBXFileReference section */

/* Begin PBXFileSystemSynchronizedRootGroup section */
		F86948492D827AFA0009F75B /* TodoList_app */ = {
			isa = PBXFileSystemSynchronizedRootGroup;
			path = TodoList_app;
			sourceTree = "<group>";
		};
		F869485A2D827AFB0009F75B /* TodoList_appTests */ = {
			isa = PBXFileSystemSynchronizedRootGroup;
			path = TodoList_appTests;
			sourceTree = "<group>";
		};
		F86948642D827AFB0009F75B /* TodoList_appUITests */ = {
			isa = PBXFileSystemSynchronizedRootGroup;
			path = TodoList_appUITests;
			sourceTree = "<group>";
		};
/* End PBXFileSystemSynchronizedRootGroup section */

/* Begin PBXFrameworksBuildPhase section */
		F86948442D827AFA0009F75B /* Frameworks */ = {
			isa = PBXFrameworksBuildPhase;
			buildActionMask = 2147483647;
			files = (
			);
			runOnlyForDeploymentPostprocessing = 0;
		};
		F86948542D827AFB0009F75B /* Frameworks */ = {
			isa = PBXFrameworksBuildPhase;
			buildActionMask = 2147483647;
			files = (
			);
			runOnlyForDeploymentPostprocessing = 0;
		};
		F869485E2D827AFB0009F75B /* Frameworks */ = {
			isa = PBXFrameworksBuildPhase;
			buildActionMask = 2147483647;
			files = (
			);
			runOnlyForDeploymentPostprocessing = 0;
		};
/* End PBXFrameworksBuildPhase section */

/* Begin PBXGroup section */
		F869483E2D827AFA0009F75B = {
			isa = PBXGroup;
			children = (
				F86948492D827AFA0009F75B /* TodoList_app */,
				F869485A2D827AFB0009F75B /* TodoList_appTests */,
				F86948642D827AFB0009F75B /* TodoList_appUITests */,
				F86948482D827AFA0009F75B /* Products */,
			);
			sourceTree = "<group>";
		};
		F86948482D827AFA0009F75B /* Products */ = {
			isa = PBXGroup;
			children = (
				F86948472D827AFA0009F75B /* 待办事项.app */,
				F86948572D827AFB0009F75B /* TodoList_appTests.xctest */,
				F86948612D827AFB0009F75B /* TodoList_appUITests.xctest */,
			);
			name = Products;
			sourceTree = "<group>";
		};
/* End PBXGroup section */

/* Begin PBXNativeTarget section */
		F86948462D827AFA0009F75B /* TodoList_app */ = {
			isa = PBXNativeTarget;
			buildConfigurationList = F869486B2D827AFB0009F75B /* Build configuration list for PBXNativeTarget "TodoList_app" */;
			buildPhases = (
				F86948432D827AFA0009F75B /* Sources */,
				F86948442D827AFA0009F75B /* Frameworks */,
				F86948452D827AFA0009F75B /* Resources */,
			);
			buildRules = (
			);
			dependencies = (
			);
			fileSystemSynchronizedGroups = (
				F86948492D827AFA0009F75B /* TodoList_app */,
			);
			name = TodoList_app;
			packageProductDependencies = (
			);
			productName = TodoList_app;
			productReference = F86948472D827AFA0009F75B /* 待办事项.app */;
			productType = "com.apple.product-type.application";
		};
		F86948562D827AFB0009F75B /* TodoList_appTests */ = {
			isa = PBXNativeTarget;
			buildConfigurationList = F869486E2D827AFB0009F75B /* Build configuration list for PBXNativeTarget "TodoList_appTests" */;
			buildPhases = (
				F86948532D827AFB0009F75B /* Sources */,
				F86948542D827AFB0009F75B /* Frameworks */,
				F86948552D827AFB0009F75B /* Resources */,
			);
			buildRules = (
			);
			dependencies = (
				F86948592D827AFB0009F75B /* PBXTargetDependency */,
			);
			fileSystemSynchronizedGroups = (
				F869485A2D827AFB0009F75B /* TodoList_appTests */,
			);
			name = TodoList_appTests;
			packageProductDependencies = (
			);
			productName = TodoList_appTests;
			productReference = F86948572D827AFB0009F75B /* TodoList_appTests.xctest */;
			productType = "com.apple.product-type.bundle.unit-test";
		};
		F86948602D827AFB0009F75B /* TodoList_appUITests */ = {
			isa = PBXNativeTarget;
			buildConfigurationList = F86948712D827AFB0009F75B /* Build configuration list for PBXNativeTarget "TodoList_appUITests" */;
			buildPhases = (
				F869485D2D827AFB0009F75B /* Sources */,
				F869485E2D827AFB0009F75B /* Frameworks */,
				F869485F2D827AFB0009F75B /* Resources */,
			);
			buildRules = (
			);
			dependencies = (
				F86948632D827AFB0009F75B /* PBXTargetDependency */,
			);
			fileSystemSynchronizedGroups = (
				F86948642D827AFB0009F75B /* TodoList_appUITests */,
			);
			name = TodoList_appUITests;
			packageProductDependencies = (
			);
			productName = TodoList_appUITests;
			productReference = F86948612D827AFB0009F75B /* TodoList_appUITests.xctest */;
			productType = "com.apple.product-type.bundle.ui-testing";
		};
/* End PBXNativeTarget section */

/* Begin PBXProject section */
		F869483F2D827AFA0009F75B /* Project object */ = {
			isa = PBXProject;
			attributes = {
				BuildIndependentTargetsInParallel = 1;
				LastSwiftUpdateCheck = 1620;
				LastUpgradeCheck = 1620;
				TargetAttributes = {
					F86948462D827AFA0009F75B = {
						CreatedOnToolsVersion = 16.2;
					};
					F86948562D827AFB0009F75B = {
						CreatedOnToolsVersion = 16.2;
						TestTargetID = F86948462D827AFA0009F75B;
					};
					F86948602D827AFB0009F75B = {
						CreatedOnToolsVersion = 16.2;
						TestTargetID = F86948462D827AFA0009F75B;
					};
				};
			};
			buildConfigurationList = F86948422D827AFA0009F75B /* Build configuration list for PBXProject "TodoList_app" */;
			developmentRegion = en;
			hasScannedForEncodings = 0;
			knownRegions = (
				en,
				Base,
			);
			mainGroup = F869483E2D827AFA0009F75B;
			minimizedProjectReferenceProxies = 1;
			preferredProjectObjectVersion = 77;
			productRefGroup = F86948482D827AFA0009F75B /* Products */;
			projectDirPath = "";
			projectRoot = "";
			targets = (
				F86948462D827AFA0009F75B /* TodoList_app */,
				F86948562D827AFB0009F75B /* TodoList_appTests */,
				F86948602D827AFB0009F75B /* TodoList_appUITests */,
			);
		};
/* End PBXProject section */

/* Begin PBXResourcesBuildPhase section */
		F86948452D827AFA0009F75B /* Resources */ = {
			isa = PBXResourcesBuildPhase;
			buildActionMask = 2147483647;
			files = (
			);
			runOnlyForDeploymentPostprocessing = 0;
		};
		F86948552D827AFB0009F75B /* Resources */ = {
			isa = PBXResourcesBuildPhase;
			buildActionMask = 2147483647;
			files = (
			);
			runOnlyForDeploymentPostprocessing = 0;
		};
		F869485F2D827AFB0009F75B /* Resources */ = {
			isa = PBXResourcesBuildPhase;
			buildActionMask = 2147483647;
			files = (
			);
			runOnlyForDeploymentPostprocessing = 0;
		};
/* End PBXResourcesBuildPhase section */

/* Begin PBXSourcesBuildPhase section */
		F86948432D827AFA0009F75B /* Sources */ = {
			isa = PBXSourcesBuildPhase;
			buildActionMask = 2147483647;
			files = (
			);
			runOnlyForDeploymentPostprocessing = 0;
		};
		F86948532D827AFB0009F75B /* Sources */ = {
			isa = PBXSourcesBuildPhase;
			buildActionMask = 2147483647;
			files = (
			);
			runOnlyForDeploymentPostprocessing = 0;
		};
		F869485D2D827AFB0009F75B /* Sources */ = {
			isa = PBXSourcesBuildPhase;
			buildActionMask = 2147483647;
			files = (
			);
			runOnlyForDeploymentPostprocessing = 0;
		};
/* End PBXSourcesBuildPhase section */

/* Begin PBXTargetDependency section */
		F86948592D827AFB0009F75B /* PBXTargetDependency */ = {
			isa = PBXTargetDependency;
			target = F86948462D827AFA0009F75B /* TodoList_app */;
			targetProxy = F86948582D827AFB0009F75B /* PBXContainerItemProxy */;
		};
		F86948632D827AFB0009F75B /* PBXTargetDependency */ = {
			isa = PBXTargetDependency;
			target = F86948462D827AFA0009F75B /* TodoList_app */;
			targetProxy = F86948622D827AFB0009F75B /* PBXContainerItemProxy */;
		};
/* End PBXTargetDependency section */

/* Begin XCBuildConfiguration section */
		F86948692D827AFB0009F75B /* Debug */ = {
			isa = XCBuildConfiguration;
			buildSettings = {
				ALWAYS_SEARCH_USER_PATHS = NO;
				ASSETCATALOG_COMPILER_GENERATE_SWIFT_ASSET_SYMBOL_EXTENSIONS = YES;
				CLANG_ANALYZER_NONNULL = YES;
				CLANG_ANALYZER_NUMBER_OBJECT_CONVERSION = YES_AGGRESSIVE;
				CLANG_CXX_LANGUAGE_STANDARD = "gnu++20";
				CLANG_ENABLE_MODULES = YES;
				CLANG_ENABLE_OBJC_ARC = YES;
				CLANG_ENABLE_OBJC_WEAK = YES;
				CLANG_WARN_BLOCK_CAPTURE_AUTORELEASING = YES;
				CLANG_WARN_BOOL_CONVERSION = YES;
				CLANG_WARN_COMMA = YES;
				CLANG_WARN_CONSTANT_CONVERSION = YES;
				CLANG_WARN_DEPRECATED_OBJC_IMPLEMENTATIONS = YES;
				CLANG_WARN_DIRECT_OBJC_ISA_USAGE = YES_ERROR;
				CLANG_WARN_DOCUMENTATION_COMMENTS = YES;
				CLANG_WARN_EMPTY_BODY = YES;
				CLANG_WARN_ENUM_CONVERSION = YES;
				CLANG_WARN_INFINITE_RECURSION = YES;
				CLANG_WARN_INT_CONVERSION = YES;
				CLANG_WARN_NON_LITERAL_NULL_CONVERSION = YES;
				CLANG_WARN_OBJC_IMPLICIT_RETAIN_SELF = YES;
				CLANG_WARN_OBJC_LITERAL_CONVERSION = YES;
				CLANG_WARN_OBJC_ROOT_CLASS = YES_ERROR;
				CLANG_WARN_QUOTED_INCLUDE_IN_FRAMEWORK_HEADER = YES;
				CLANG_WARN_RANGE_LOOP_ANALYSIS = YES;
				CLANG_WARN_STRICT_PROTOTYPES = YES;
				CLANG_WARN_SUSPICIOUS_MOVE = YES;
				CLANG_WARN_UNGUARDED_AVAILABILITY = YES_AGGRESSIVE;
				CLANG_WARN_UNREACHABLE_CODE = YES;
				CLANG_WARN__DUPLICATE_METHOD_MATCH = YES;
				COPY_PHASE_STRIP = NO;
				DEBUG_INFORMATION_FORMAT = dwarf;
				ENABLE_STRICT_OBJC_MSGSEND = YES;
				ENABLE_TESTABILITY = YES;
				ENABLE_USER_SCRIPT_SANDBOXING = YES;
				GCC_C_LANGUAGE_STANDARD = gnu17;
				GCC_DYNAMIC_NO_PIC = NO;
				GCC_NO_COMMON_BLOCKS = YES;
				GCC_OPTIMIZATION_LEVEL = 0;
				GCC_PREPROCESSOR_DEFINITIONS = (
					"DEBUG=1",
					"$(inherited)",
				);
				GCC_WARN_64_TO_32_BIT_CONVERSION = YES;
				GCC_WARN_ABOUT_RETURN_TYPE = YES_ERROR;
				GCC_WARN_UNDECLARED_SELECTOR = YES;
				GCC_WARN_UNINITIALIZED_AUTOS = YES_AGGRESSIVE;
				GCC_WARN_UNUSED_FUNCTION = YES;
				GCC_WARN_UNUSED_VARIABLE = YES;
				IPHONEOS_DEPLOYMENT_TARGET = 18.2;
				LOCALIZATION_PREFERS_STRING_CATALOGS = YES;
				MTL_ENABLE_DEBUG_INFO = INCLUDE_SOURCE;
				MTL_FAST_MATH = YES;
				ONLY_ACTIVE_ARCH = YES;
				PRODUCT_NAME = "待办事项";
				SDKROOT = iphoneos;
				SWIFT_ACTIVE_COMPILATION_CONDITIONS = "DEBUG $(inherited)";
				SWIFT_OPTIMIZATION_LEVEL = "-Onone";
			};
			name = Debug;
		};
		F869486A2D827AFB0009F75B /* Release */ = {
			isa = XCBuildConfiguration;
			buildSettings = {
				ALWAYS_SEARCH_USER_PATHS = NO;
				ASSETCATALOG_COMPILER_GENERATE_SWIFT_ASSET_SYMBOL_EXTENSIONS = YES;
				CLANG_ANALYZER_NONNULL = YES;
				CLANG_ANALYZER_NUMBER_OBJECT_CONVERSION = YES_AGGRESSIVE;
				CLANG_CXX_LANGUAGE_STANDARD = "gnu++20";
				CLANG_ENABLE_MODULES = YES;
				CLANG_ENABLE_OBJC_ARC = YES;
				CLANG_ENABLE_OBJC_WEAK = YES;
				CLANG_WARN_BLOCK_CAPTURE_AUTORELEASING = YES;
				CLANG_WARN_BOOL_CONVERSION = YES;
				CLANG_WARN_COMMA = YES;
				CLANG_WARN_CONSTANT_CONVERSION = YES;
				CLANG_WARN_DEPRECATED_OBJC_IMPLEMENTATIONS = YES;
				CLANG_WARN_DIRECT_OBJC_ISA_USAGE = YES_ERROR;
				CLANG_WARN_DOCUMENTATION_COMMENTS = YES;
				CLANG_WARN_EMPTY_BODY = YES;
				CLANG_WARN_ENUM_CONVERSION = YES;
				CLANG_WARN_INFINITE_RECURSION = YES;
				CLANG_WARN_INT_CONVERSION = YES;
				CLANG_WARN_NON_LITERAL_NULL_CONVERSION = YES;
				CLANG_WARN_OBJC_IMPLICIT_RETAIN_SELF = YES;
				CLANG_WARN_OBJC_LITERAL_CONVERSION = YES;
				CLANG_WARN_OBJC_ROOT_CLASS = YES_ERROR;
				CLANG_WARN_QUOTED_INCLUDE_IN_FRAMEWORK_HEADER = YES;
				CLANG_WARN_RANGE_LOOP_ANALYSIS = YES;
				CLANG_WARN_STRICT_PROTOTYPES = YES;
				CLANG_WARN_SUSPICIOUS_MOVE = YES;
				CLANG_WARN_UNGUARDED_AVAILABILITY = YES_AGGRESSIVE;
				CLANG_WARN_UNREACHABLE_CODE = YES;
				CLANG_WARN__DUPLICATE_METHOD_MATCH = YES;
				COPY_PHASE_STRIP = NO;
				DEBUG_INFORMATION_FORMAT = "dwarf-with-dsym";
				ENABLE_NS_ASSERTIONS = NO;
				ENABLE_STRICT_OBJC_MSGSEND = YES;
				ENABLE_USER_SCRIPT_SANDBOXING = YES;
				GCC_C_LANGUAGE_STANDARD = gnu17;
				GCC_NO_COMMON_BLOCKS = YES;
				GCC_WARN_64_TO_32_BIT_CONVERSION = YES;
				GCC_WARN_ABOUT_RETURN_TYPE = YES_ERROR;
				GCC_WARN_UNDECLARED_SELECTOR = YES;
				GCC_WARN_UNINITIALIZED_AUTOS = YES_AGGRESSIVE;
				GCC_WARN_UNUSED_FUNCTION = YES;
				GCC_WARN_UNUSED_VARIABLE = YES;
				IPHONEOS_DEPLOYMENT_TARGET = 18.2;
				LOCALIZATION_PREFERS_STRING_CATALOGS = YES;
				MTL_ENABLE_DEBUG_INFO = NO;
				MTL_FAST_MATH = YES;
				PRODUCT_NAME = "待办事项";
				SDKROOT = iphoneos;
				SWIFT_COMPILATION_MODE = wholemodule;
				VALIDATE_PRODUCT = YES;
			};
			name = Release;
		};
		F869486C2D827AFB0009F75B /* Debug */ = {
			isa = XCBuildConfiguration;
			buildSettings = {
				ASSETCATALOG_COMPILER_APPICON_NAME = AppIcon;
				ASSETCATALOG_COMPILER_GLOBAL_ACCENT_COLOR_NAME = AccentColor;
				CODE_SIGN_STYLE = Automatic;
				CURRENT_PROJECT_VERSION = 1;
				DEVELOPMENT_ASSET_PATHS = "\"TodoList_app/Preview Content\"";
				DEVELOPMENT_TEAM = NGHPPZN43L;
				ENABLE_PREVIEWS = YES;
				GENERATE_INFOPLIST_FILE = YES;
				INFOPLIST_KEY_UIApplicationSceneManifest_Generation = YES;
				INFOPLIST_KEY_UIApplicationSupportsIndirectInputEvents = YES;
				INFOPLIST_KEY_UILaunchScreen_Generation = YES;
				INFOPLIST_KEY_UISupportedInterfaceOrientations_iPad = "UIInterfaceOrientationPortrait UIInterfaceOrientationPortraitUpsideDown UIInterfaceOrientationLandscapeLeft UIInterfaceOrientationLandscapeRight";
				INFOPLIST_KEY_UISupportedInterfaceOrientations_iPhone = "UIInterfaceOrientationPortrait UIInterfaceOrientationLandscapeLeft UIInterfaceOrientationLandscapeRight";
				LD_RUNPATH_SEARCH_PATHS = (
					"$(inherited)",
					"@executable_path/Frameworks",
				);
				MARKETING_VERSION = 1.0;
				PRODUCT_BUNDLE_IDENTIFIER = "name.ChuZH.TodoList-app";
				PRODUCT_NAME = "待办事项";
				SWIFT_EMIT_LOC_STRINGS = YES;
				SWIFT_VERSION = 5.0;
				TARGETED_DEVICE_FAMILY = "1,2";
			};
			name = Debug;
		};
		F869486D2D827AFB0009F75B /* Release */ = {
			isa = XCBuildConfiguration;
			buildSettings = {
				ASSETCATALOG_COMPILER_APPICON_NAME = AppIcon;
				ASSETCATALOG_COMPILER_GLOBAL_ACCENT_COLOR_NAME = AccentColor;
				CODE_SIGN_STYLE = Automatic;
				CURRENT_PROJECT_VERSION = 1;
				DEVELOPMENT_ASSET_PATHS = "\"TodoList_app/Preview Content\"";
				DEVELOPMENT_TEAM = NGHPPZN43L;
				ENABLE_PREVIEWS = YES;
				GENERATE_INFOPLIST_FILE = YES;
				INFOPLIST_KEY_UIApplicationSceneManifest_Generation = YES;
				INFOPLIST_KEY_UIApplicationSupportsIndirectInputEvents = YES;
				INFOPLIST_KEY_UILaunchScreen_Generation = YES;
				INFOPLIST_KEY_UISupportedInterfaceOrientations_iPad = "UIInterfaceOrientationPortrait UIInterfaceOrientationPortraitUpsideDown UIInterfaceOrientationLandscapeLeft UIInterfaceOrientationLandscapeRight";
				INFOPLIST_KEY_UISupportedInterfaceOrientations_iPhone = "UIInterfaceOrientationPortrait UIInterfaceOrientationLandscapeLeft UIInterfaceOrientationLandscapeRight";
				LD_RUNPATH_SEARCH_PATHS = (
					"$(inherited)",
					"@executable_path/Frameworks",
				);
				MARKETING_VERSION = 1.0;
				PRODUCT_BUNDLE_IDENTIFIER = "name.ChuZH.TodoList-app";
				PRODUCT_NAME = "待办事项";
				SWIFT_EMIT_LOC_STRINGS = YES;
				SWIFT_VERSION = 5.0;
				TARGETED_DEVICE_FAMILY = "1,2";
			};
			name = Release;
		};
		F869486F2D827AFB0009F75B /* Debug */ = {
			isa = XCBuildConfiguration;
			buildSettings = {
				BUNDLE_LOADER = "$(TEST_HOST)";
				CODE_SIGN_STYLE = Automatic;
				CURRENT_PROJECT_VERSION = 1;
				GENERATE_INFOPLIST_FILE = YES;
				IPHONEOS_DEPLOYMENT_TARGET = 18.2;
				MARKETING_VERSION = 1.0;
				PRODUCT_BUNDLE_IDENTIFIER = "name.ChuZH.TodoList-appTests";
				PRODUCT_NAME = "$(TARGET_NAME)";
				SWIFT_EMIT_LOC_STRINGS = NO;
				SWIFT_VERSION = 5.0;
				TARGETED_DEVICE_FAMILY = "1,2";
				TEST_HOST = "$(BUILT_PRODUCTS_DIR)/TodoList_app.app/$(BUNDLE_EXECUTABLE_FOLDER_PATH)/TodoList_app";
			};
			name = Debug;
		};
		F86948702D827AFB0009F75B /* Release */ = {
			isa = XCBuildConfiguration;
			buildSettings = {
				BUNDLE_LOADER = "$(TEST_HOST)";
				CODE_SIGN_STYLE = Automatic;
				CURRENT_PROJECT_VERSION = 1;
				GENERATE_INFOPLIST_FILE = YES;
				IPHONEOS_DEPLOYMENT_TARGET = 18.2;
				MARKETING_VERSION = 1.0;
				PRODUCT_BUNDLE_IDENTIFIER = "name.ChuZH.TodoList-appTests";
				PRODUCT_NAME = "$(TARGET_NAME)";
				SWIFT_EMIT_LOC_STRINGS = NO;
				SWIFT_VERSION = 5.0;
				TARGETED_DEVICE_FAMILY = "1,2";
				TEST_HOST = "$(BUILT_PRODUCTS_DIR)/TodoList_app.app/$(BUNDLE_EXECUTABLE_FOLDER_PATH)/TodoList_app";
			};
			name = Release;
		};
		F86948722D827AFB0009F75B /* Debug */ = {
			isa = XCBuildConfiguration;
			buildSettings = {
				CODE_SIGN_STYLE = Automatic;
				CURRENT_PROJECT_VERSION = 1;
				GENERATE_INFOPLIST_FILE = YES;
				MARKETING_VERSION = 1.0;
				PRODUCT_BUNDLE_IDENTIFIER = "name.ChuZH.TodoList-appUITests";
				PRODUCT_NAME = "$(TARGET_NAME)";
				SWIFT_EMIT_LOC_STRINGS = NO;
				SWIFT_VERSION = 5.0;
				TARGETED_DEVICE_FAMILY = "1,2";
				TEST_TARGET_NAME = TodoList_app;
			};
			name = Debug;
		};
		F86948732D827AFB0009F75B /* Release */ = {
			isa = XCBuildConfiguration;
			buildSettings = {
				CODE_SIGN_STYLE = Automatic;
				CURRENT_PROJECT_VERSION = 1;
				GENERATE_INFOPLIST_FILE = YES;
				MARKETING_VERSION = 1.0;
				PRODUCT_BUNDLE_IDENTIFIER = "name.ChuZH.TodoList-appUITests";
				PRODUCT_NAME = "$(TARGET_NAME)";
				SWIFT_EMIT_LOC_STRINGS = NO;
				SWIFT_VERSION = 5.0;
				TARGETED_DEVICE_FAMILY = "1,2";
				TEST_TARGET_NAME = TodoList_app;
			};
			name = Release;
		};
/* End XCBuildConfiguration section */

/* Begin XCConfigurationList section */
		F86948422D827AFA0009F75B /* Build configuration list for PBXProject "TodoList_app" */ = {
			isa = XCConfigurationList;
			buildConfigurations = (
				F86948692D827AFB0009F75B /* Debug */,
				F869486A2D827AFB0009F75B /* Release */,
			);
			defaultConfigurationIsVisible = 0;
			defaultConfigurationName = Release;
		};
		F869486B2D827AFB0009F75B /* Build configuration list for PBXNativeTarget "TodoList_app" */ = {
			isa = XCConfigurationList;
			buildConfigurations = (
				F869486C2D827AFB0009F75B /* Debug */,
				F869486D2D827AFB0009F75B /* Release */,
			);
			defaultConfigurationIsVisible = 0;
			defaultConfigurationName = Release;
		};
		F869486E2D827AFB0009F75B /* Build configuration list for PBXNativeTarget "TodoList_appTests" */ = {
			isa = XCConfigurationList;
			buildConfigurations = (
				F869486F2D827AFB0009F75B /* Debug */,
				F86948702D827AFB0009F75B /* Release */,
			);
			defaultConfigurationIsVisible = 0;
			defaultConfigurationName = Release;
		};
		F86948712D827AFB0009F75B /* Build configuration list for PBXNativeTarget "TodoList_appUITests" */ = {
			isa = XCConfigurationList;
			buildConfigurations = (
				F86948722D827AFB0009F75B /* Debug */,
				F86948732D827AFB0009F75B /* Release */,
			);
			defaultConfigurationIsVisible = 0;
			defaultConfigurationName = Release;
		};
/* End XCConfigurationList section */
	};
	rootObject = F869483F2D827AFA0009F75B /* Project object */;
}
